// !$*UTF8*$!
{
	archiveVersion = 1;
	classes = {
	};
	objectVersion = 46;
	objects = {

/* Begin PBXBuildFile section */
		0C5BEB0C208321C6B62E8248 /* Pods_Tests_DependencyInjectorTests_OSX.framework in Frameworks */ = {isa = PBXBuildFile; fileRef = F65A73832A8BEF71EBD508CA /* Pods_Tests_DependencyInjectorTests_OSX.framework */; };
		2C9F0EC17DB8C3EA5EEACFF3 /* Pods_Frameworks_DependencyInjector_tvOS.framework in Frameworks */ = {isa = PBXBuildFile; fileRef = DC029E72A7BCD5C86BE09551 /* Pods_Frameworks_DependencyInjector_tvOS.framework */; };
		336121731A4B11D8913D2F73 /* Pods_Frameworks_DependencyInjector_watchOS.framework in Frameworks */ = {isa = PBXBuildFile; fileRef = 961395A6A9DCD7AEF1671CA5 /* Pods_Frameworks_DependencyInjector_watchOS.framework */; };
		7AF74F1E069896FFB068C83E /* Pods_Frameworks_DependencyInjector_OSX.framework in Frameworks */ = {isa = PBXBuildFile; fileRef = 49A743FBDA0858CA5DE9BCB1 /* Pods_Frameworks_DependencyInjector_OSX.framework */; };
		815DA10284D71562F6E30F08 /* Pods_Tests_DependencyInjectorTests_iOS.framework in Frameworks */ = {isa = PBXBuildFile; fileRef = FAD28BA6B0660391D8023F9E /* Pods_Tests_DependencyInjectorTests_iOS.framework */; };
		A31232411ED5C90D00CDE125 /* Injectable.swift in Sources */ = {isa = PBXBuildFile; fileRef = A31232401ED5C90C00CDE125 /* Injectable.swift */; };
		A31583461F052A9600787072 /* Injectable.swift in Sources */ = {isa = PBXBuildFile; fileRef = A31232401ED5C90C00CDE125 /* Injectable.swift */; };
		A31583471F052A9700787072 /* Injectable.swift in Sources */ = {isa = PBXBuildFile; fileRef = A31232401ED5C90C00CDE125 /* Injectable.swift */; };
		A31583481F052A9800787072 /* Injectable.swift in Sources */ = {isa = PBXBuildFile; fileRef = A31232401ED5C90C00CDE125 /* Injectable.swift */; };
		A3169DBA1DE05E8300BABAFD /* DependencyInjector.framework in Frameworks */ = {isa = PBXBuildFile; fileRef = A3169DB01DE05E8300BABAFD /* DependencyInjector.framework */; };
		A3169DF81DE0718900BABAFD /* DependencyInjector.framework in Frameworks */ = {isa = PBXBuildFile; fileRef = A3169DEF1DE0718900BABAFD /* DependencyInjector.framework */; };
		A3169E151DE072C800BABAFD /* DependencyInjector.framework in Frameworks */ = {isa = PBXBuildFile; fileRef = A3169E0C1DE072C700BABAFD /* DependencyInjector.framework */; };
		A3169E761DE083D900BABAFD /* DependencyInjector.h in Headers */ = {isa = PBXBuildFile; fileRef = A3169E751DE083D900BABAFD /* DependencyInjector.h */; settings = {ATTRIBUTES = (Public, ); }; };
		A3169E771DE083D900BABAFD /* DependencyInjector.h in Headers */ = {isa = PBXBuildFile; fileRef = A3169E751DE083D900BABAFD /* DependencyInjector.h */; settings = {ATTRIBUTES = (Public, ); }; };
		A3169E781DE083D900BABAFD /* DependencyInjector.h in Headers */ = {isa = PBXBuildFile; fileRef = A3169E751DE083D900BABAFD /* DependencyInjector.h */; settings = {ATTRIBUTES = (Public, ); }; };
		A3169E791DE083D900BABAFD /* DependencyInjector.h in Headers */ = {isa = PBXBuildFile; fileRef = A3169E751DE083D900BABAFD /* DependencyInjector.h */; settings = {ATTRIBUTES = (Public, ); }; };
		A37058CE1E5DE3A0009D0739 /* Injector.swift in Sources */ = {isa = PBXBuildFile; fileRef = A37058CC1E5DE3A0009D0739 /* Injector.swift */; };
		A37058CF1E5DE3A0009D0739 /* Injector.swift in Sources */ = {isa = PBXBuildFile; fileRef = A37058CC1E5DE3A0009D0739 /* Injector.swift */; };
		A37058D01E5DE3A0009D0739 /* Injector.swift in Sources */ = {isa = PBXBuildFile; fileRef = A37058CC1E5DE3A0009D0739 /* Injector.swift */; };
		A37058D11E5DE3A0009D0739 /* Injector.swift in Sources */ = {isa = PBXBuildFile; fileRef = A37058CC1E5DE3A0009D0739 /* Injector.swift */; };
		A37058D21E5DE3A0009D0739 /* Module.swift in Sources */ = {isa = PBXBuildFile; fileRef = A37058CD1E5DE3A0009D0739 /* Module.swift */; };
		A37058D31E5DE3A0009D0739 /* Module.swift in Sources */ = {isa = PBXBuildFile; fileRef = A37058CD1E5DE3A0009D0739 /* Module.swift */; };
		A37058D41E5DE3A0009D0739 /* Module.swift in Sources */ = {isa = PBXBuildFile; fileRef = A37058CD1E5DE3A0009D0739 /* Module.swift */; };
		A37058D51E5DE3A0009D0739 /* Module.swift in Sources */ = {isa = PBXBuildFile; fileRef = A37058CD1E5DE3A0009D0739 /* Module.swift */; };
		A37058DB1E5DE4ED009D0739 /* Cat.swift in Sources */ = {isa = PBXBuildFile; fileRef = A37058D71E5DE4ED009D0739 /* Cat.swift */; };
		A37058DC1E5DE4ED009D0739 /* Cat.swift in Sources */ = {isa = PBXBuildFile; fileRef = A37058D71E5DE4ED009D0739 /* Cat.swift */; };
		A37058DD1E5DE4ED009D0739 /* Cat.swift in Sources */ = {isa = PBXBuildFile; fileRef = A37058D71E5DE4ED009D0739 /* Cat.swift */; };
		A37058DE1E5DE4ED009D0739 /* Dog.swift in Sources */ = {isa = PBXBuildFile; fileRef = A37058D81E5DE4ED009D0739 /* Dog.swift */; };
		A37058DF1E5DE4ED009D0739 /* Dog.swift in Sources */ = {isa = PBXBuildFile; fileRef = A37058D81E5DE4ED009D0739 /* Dog.swift */; };
		A37058E01E5DE4ED009D0739 /* Dog.swift in Sources */ = {isa = PBXBuildFile; fileRef = A37058D81E5DE4ED009D0739 /* Dog.swift */; };
		A37058E11E5DE4ED009D0739 /* IAnimal.swift in Sources */ = {isa = PBXBuildFile; fileRef = A37058D91E5DE4ED009D0739 /* IAnimal.swift */; };
		A37058E21E5DE4ED009D0739 /* IAnimal.swift in Sources */ = {isa = PBXBuildFile; fileRef = A37058D91E5DE4ED009D0739 /* IAnimal.swift */; };
		A37058E31E5DE4ED009D0739 /* IAnimal.swift in Sources */ = {isa = PBXBuildFile; fileRef = A37058D91E5DE4ED009D0739 /* IAnimal.swift */; };
		A37058E41E5DE4ED009D0739 /* PetOwner.swift in Sources */ = {isa = PBXBuildFile; fileRef = A37058DA1E5DE4ED009D0739 /* PetOwner.swift */; };
		A37058E51E5DE4ED009D0739 /* PetOwner.swift in Sources */ = {isa = PBXBuildFile; fileRef = A37058DA1E5DE4ED009D0739 /* PetOwner.swift */; };
		A37058E61E5DE4ED009D0739 /* PetOwner.swift in Sources */ = {isa = PBXBuildFile; fileRef = A37058DA1E5DE4ED009D0739 /* PetOwner.swift */; };
		A37058EA1E5DE500009D0739 /* ClassDependencyInjectorTests.swift in Sources */ = {isa = PBXBuildFile; fileRef = A37058E71E5DE500009D0739 /* ClassDependencyInjectorTests.swift */; };
		A37058EB1E5DE500009D0739 /* ClassDependencyInjectorTests.swift in Sources */ = {isa = PBXBuildFile; fileRef = A37058E71E5DE500009D0739 /* ClassDependencyInjectorTests.swift */; };
		A37058EC1E5DE500009D0739 /* ClassDependencyInjectorTests.swift in Sources */ = {isa = PBXBuildFile; fileRef = A37058E71E5DE500009D0739 /* ClassDependencyInjectorTests.swift */; };
		A37058ED1E5DE500009D0739 /* DepthClassDependencyInjectorTests.swift in Sources */ = {isa = PBXBuildFile; fileRef = A37058E81E5DE500009D0739 /* DepthClassDependencyInjectorTests.swift */; };
		A37058EE1E5DE500009D0739 /* DepthClassDependencyInjectorTests.swift in Sources */ = {isa = PBXBuildFile; fileRef = A37058E81E5DE500009D0739 /* DepthClassDependencyInjectorTests.swift */; };
		A37058EF1E5DE500009D0739 /* DepthClassDependencyInjectorTests.swift in Sources */ = {isa = PBXBuildFile; fileRef = A37058E81E5DE500009D0739 /* DepthClassDependencyInjectorTests.swift */; };
		A37058F01E5DE500009D0739 /* SimpleDependencyInjectorTests.swift in Sources */ = {isa = PBXBuildFile; fileRef = A37058E91E5DE500009D0739 /* SimpleDependencyInjectorTests.swift */; };
		A37058F11E5DE500009D0739 /* SimpleDependencyInjectorTests.swift in Sources */ = {isa = PBXBuildFile; fileRef = A37058E91E5DE500009D0739 /* SimpleDependencyInjectorTests.swift */; };
		A37058F21E5DE500009D0739 /* SimpleDependencyInjectorTests.swift in Sources */ = {isa = PBXBuildFile; fileRef = A37058E91E5DE500009D0739 /* SimpleDependencyInjectorTests.swift */; };
		A3A4D24F1ED4818900BF3EF4 /* Binder.swift in Sources */ = {isa = PBXBuildFile; fileRef = A3A4D24E1ED4818900BF3EF4 /* Binder.swift */; };
		A3A4D2501ED4818900BF3EF4 /* Binder.swift in Sources */ = {isa = PBXBuildFile; fileRef = A3A4D24E1ED4818900BF3EF4 /* Binder.swift */; };
		A3A4D2511ED4818900BF3EF4 /* Binder.swift in Sources */ = {isa = PBXBuildFile; fileRef = A3A4D24E1ED4818900BF3EF4 /* Binder.swift */; };
		A3A4D2521ED4818900BF3EF4 /* Binder.swift in Sources */ = {isa = PBXBuildFile; fileRef = A3A4D24E1ED4818900BF3EF4 /* Binder.swift */; };
		A3F217641ECC5A3100BAD3E0 /* Provider.swift in Sources */ = {isa = PBXBuildFile; fileRef = A3F217631ECC5A3100BAD3E0 /* Provider.swift */; };
		A3F217651ECC8D7600BAD3E0 /* Provider.swift in Sources */ = {isa = PBXBuildFile; fileRef = A3F217631ECC5A3100BAD3E0 /* Provider.swift */; };
		A3F217661ECC8D7700BAD3E0 /* Provider.swift in Sources */ = {isa = PBXBuildFile; fileRef = A3F217631ECC5A3100BAD3E0 /* Provider.swift */; };
		A3F217671ECC8D7800BAD3E0 /* Provider.swift in Sources */ = {isa = PBXBuildFile; fileRef = A3F217631ECC5A3100BAD3E0 /* Provider.swift */; };
		B0FC9D828A2FC5912F5BEADD /* Pods_Frameworks_DependencyInjector_iOS.framework in Frameworks */ = {isa = PBXBuildFile; fileRef = D092A52CD5C9E78D5BAB3B68 /* Pods_Frameworks_DependencyInjector_iOS.framework */; };
		F4F67F9FC581FB4B3FE5592A /* Pods_Tests_DependencyInjectorTests_tvOS.framework in Frameworks */ = {isa = PBXBuildFile; fileRef = 30FBFA6B690D58961C4C6B4E /* Pods_Tests_DependencyInjectorTests_tvOS.framework */; };
/* End PBXBuildFile section */

/* Begin PBXContainerItemProxy section */
		A3169DBB1DE05E8300BABAFD /* PBXContainerItemProxy */ = {
			isa = PBXContainerItemProxy;
			containerPortal = A3169DA71DE05E8300BABAFD /* Project object */;
			proxyType = 1;
			remoteGlobalIDString = A3169DAF1DE05E8300BABAFD;
			remoteInfo = DependencyInjector;
		};
		A3169DF91DE0718900BABAFD /* PBXContainerItemProxy */ = {
			isa = PBXContainerItemProxy;
			containerPortal = A3169DA71DE05E8300BABAFD /* Project object */;
			proxyType = 1;
			remoteGlobalIDString = A3169DEE1DE0718900BABAFD;
			remoteInfo = DependencyInjector;
		};
		A3169E161DE072C800BABAFD /* PBXContainerItemProxy */ = {
			isa = PBXContainerItemProxy;
			containerPortal = A3169DA71DE05E8300BABAFD /* Project object */;
			proxyType = 1;
			remoteGlobalIDString = A3169E0B1DE072C700BABAFD;
			remoteInfo = DependencyInjector;
		};
/* End PBXContainerItemProxy section */

/* Begin PBXFileReference section */
		014B18FE46E10FAF1ED57221 /* Pods-Tests-DependencyInjectorTests-tvOS.release.xcconfig */ = {isa = PBXFileReference; includeInIndex = 1; lastKnownFileType = text.xcconfig; name = "Pods-Tests-DependencyInjectorTests-tvOS.release.xcconfig"; path = "Pods/Target Support Files/Pods-Tests-DependencyInjectorTests-tvOS/Pods-Tests-DependencyInjectorTests-tvOS.release.xcconfig"; sourceTree = "<group>"; };
		04E9350472F8797657D900A2 /* Pods-Frameworks-DependencyInjector-OSX.debug.xcconfig */ = {isa = PBXFileReference; includeInIndex = 1; lastKnownFileType = text.xcconfig; name = "Pods-Frameworks-DependencyInjector-OSX.debug.xcconfig"; path = "Pods/Target Support Files/Pods-Frameworks-DependencyInjector-OSX/Pods-Frameworks-DependencyInjector-OSX.debug.xcconfig"; sourceTree = "<group>"; };
		06A4F07E6E9F15EC544A4BC4 /* Pods-Frameworks-DependencyInjector-tvOS.debug.xcconfig */ = {isa = PBXFileReference; includeInIndex = 1; lastKnownFileType = text.xcconfig; name = "Pods-Frameworks-DependencyInjector-tvOS.debug.xcconfig"; path = "Pods/Target Support Files/Pods-Frameworks-DependencyInjector-tvOS/Pods-Frameworks-DependencyInjector-tvOS.debug.xcconfig"; sourceTree = "<group>"; };
		1448BF010D6580639D0657F4 /* Pods-Frameworks-DependencyInjector-iOS.release.xcconfig */ = {isa = PBXFileReference; includeInIndex = 1; lastKnownFileType = text.xcconfig; name = "Pods-Frameworks-DependencyInjector-iOS.release.xcconfig"; path = "Pods/Target Support Files/Pods-Frameworks-DependencyInjector-iOS/Pods-Frameworks-DependencyInjector-iOS.release.xcconfig"; sourceTree = "<group>"; };
		2053E619579DE23A48C73C9C /* Pods-Frameworks-DependencyInjector-iOS.debug.xcconfig */ = {isa = PBXFileReference; includeInIndex = 1; lastKnownFileType = text.xcconfig; name = "Pods-Frameworks-DependencyInjector-iOS.debug.xcconfig"; path = "Pods/Target Support Files/Pods-Frameworks-DependencyInjector-iOS/Pods-Frameworks-DependencyInjector-iOS.debug.xcconfig"; sourceTree = "<group>"; };
		30FBFA6B690D58961C4C6B4E /* Pods_Tests_DependencyInjectorTests_tvOS.framework */ = {isa = PBXFileReference; explicitFileType = wrapper.framework; includeInIndex = 0; path = Pods_Tests_DependencyInjectorTests_tvOS.framework; sourceTree = BUILT_PRODUCTS_DIR; };
		49A743FBDA0858CA5DE9BCB1 /* Pods_Frameworks_DependencyInjector_OSX.framework */ = {isa = PBXFileReference; explicitFileType = wrapper.framework; includeInIndex = 0; path = Pods_Frameworks_DependencyInjector_OSX.framework; sourceTree = BUILT_PRODUCTS_DIR; };
		528C4B0F7B1CB5272A3D467B /* Pods-Frameworks-DependencyInjector-OSX.release.xcconfig */ = {isa = PBXFileReference; includeInIndex = 1; lastKnownFileType = text.xcconfig; name = "Pods-Frameworks-DependencyInjector-OSX.release.xcconfig"; path = "Pods/Target Support Files/Pods-Frameworks-DependencyInjector-OSX/Pods-Frameworks-DependencyInjector-OSX.release.xcconfig"; sourceTree = "<group>"; };
		5600FD8A1C64D47B1FA0AC05 /* Pods-Tests-DependencyInjectorTests-tvOS.debug.xcconfig */ = {isa = PBXFileReference; includeInIndex = 1; lastKnownFileType = text.xcconfig; name = "Pods-Tests-DependencyInjectorTests-tvOS.debug.xcconfig"; path = "Pods/Target Support Files/Pods-Tests-DependencyInjectorTests-tvOS/Pods-Tests-DependencyInjectorTests-tvOS.debug.xcconfig"; sourceTree = "<group>"; };
		56DA6E93DFB445F3C547AA7D /* Pods-Frameworks-DependencyInjector-watchOS.release.xcconfig */ = {isa = PBXFileReference; includeInIndex = 1; lastKnownFileType = text.xcconfig; name = "Pods-Frameworks-DependencyInjector-watchOS.release.xcconfig"; path = "Pods/Target Support Files/Pods-Frameworks-DependencyInjector-watchOS/Pods-Frameworks-DependencyInjector-watchOS.release.xcconfig"; sourceTree = "<group>"; };
		76069B1202C521F2393854F5 /* Pods-Tests-DependencyInjectorTests-OSX.release.xcconfig */ = {isa = PBXFileReference; includeInIndex = 1; lastKnownFileType = text.xcconfig; name = "Pods-Tests-DependencyInjectorTests-OSX.release.xcconfig"; path = "Pods/Target Support Files/Pods-Tests-DependencyInjectorTests-OSX/Pods-Tests-DependencyInjectorTests-OSX.release.xcconfig"; sourceTree = "<group>"; };
		806CEF756C404A8188FA4759 /* Pods-Frameworks-DependencyInjector-watchOS.debug.xcconfig */ = {isa = PBXFileReference; includeInIndex = 1; lastKnownFileType = text.xcconfig; name = "Pods-Frameworks-DependencyInjector-watchOS.debug.xcconfig"; path = "Pods/Target Support Files/Pods-Frameworks-DependencyInjector-watchOS/Pods-Frameworks-DependencyInjector-watchOS.debug.xcconfig"; sourceTree = "<group>"; };
		918FC3B9DAF941D1592B143D /* Pods-Frameworks-DependencyInjector-tvOS.release.xcconfig */ = {isa = PBXFileReference; includeInIndex = 1; lastKnownFileType = text.xcconfig; name = "Pods-Frameworks-DependencyInjector-tvOS.release.xcconfig"; path = "Pods/Target Support Files/Pods-Frameworks-DependencyInjector-tvOS/Pods-Frameworks-DependencyInjector-tvOS.release.xcconfig"; sourceTree = "<group>"; };
		961395A6A9DCD7AEF1671CA5 /* Pods_Frameworks_DependencyInjector_watchOS.framework */ = {isa = PBXFileReference; explicitFileType = wrapper.framework; includeInIndex = 0; path = Pods_Frameworks_DependencyInjector_watchOS.framework; sourceTree = BUILT_PRODUCTS_DIR; };
		A31232401ED5C90C00CDE125 /* Injectable.swift */ = {isa = PBXFileReference; fileEncoding = 4; lastKnownFileType = sourcecode.swift; path = Injectable.swift; sourceTree = "<group>"; };
		A3169DB01DE05E8300BABAFD /* DependencyInjector.framework */ = {isa = PBXFileReference; explicitFileType = wrapper.framework; includeInIndex = 0; path = DependencyInjector.framework; sourceTree = BUILT_PRODUCTS_DIR; };
		A3169DB91DE05E8300BABAFD /* DependencyInjectorTests-iOS.xctest */ = {isa = PBXFileReference; explicitFileType = wrapper.cfbundle; includeInIndex = 0; path = "DependencyInjectorTests-iOS.xctest"; sourceTree = BUILT_PRODUCTS_DIR; };
		A3169DCC1DE0629100BABAFD /* Info.plist */ = {isa = PBXFileReference; fileEncoding = 4; lastKnownFileType = text.plist.xml; path = Info.plist; sourceTree = "<group>"; };
		A3169DD11DE062A000BABAFD /* Info.plist */ = {isa = PBXFileReference; fileEncoding = 4; lastKnownFileType = text.plist.xml; path = Info.plist; sourceTree = "<group>"; };
		A3169DDE1DE06EF400BABAFD /* DependencyInjector.framework */ = {isa = PBXFileReference; explicitFileType = wrapper.framework; includeInIndex = 0; path = DependencyInjector.framework; sourceTree = BUILT_PRODUCTS_DIR; };
		A3169DEF1DE0718900BABAFD /* DependencyInjector.framework */ = {isa = PBXFileReference; explicitFileType = wrapper.framework; includeInIndex = 0; path = DependencyInjector.framework; sourceTree = BUILT_PRODUCTS_DIR; };
		A3169DF71DE0718900BABAFD /* DependencyInjectorTests-tvOS.xctest */ = {isa = PBXFileReference; explicitFileType = wrapper.cfbundle; includeInIndex = 0; path = "DependencyInjectorTests-tvOS.xctest"; sourceTree = BUILT_PRODUCTS_DIR; };
		A3169E0C1DE072C700BABAFD /* DependencyInjector.framework */ = {isa = PBXFileReference; explicitFileType = wrapper.framework; includeInIndex = 0; path = DependencyInjector.framework; sourceTree = BUILT_PRODUCTS_DIR; };
		A3169E141DE072C800BABAFD /* DependencyInjectorTests-OSX.xctest */ = {isa = PBXFileReference; explicitFileType = wrapper.cfbundle; includeInIndex = 0; path = "DependencyInjectorTests-OSX.xctest"; sourceTree = BUILT_PRODUCTS_DIR; };
		A3169E751DE083D900BABAFD /* DependencyInjector.h */ = {isa = PBXFileReference; fileEncoding = 4; lastKnownFileType = sourcecode.c.h; path = DependencyInjector.h; sourceTree = "<group>"; };
		A37058CC1E5DE3A0009D0739 /* Injector.swift */ = {isa = PBXFileReference; fileEncoding = 4; lastKnownFileType = sourcecode.swift; path = Injector.swift; sourceTree = "<group>"; };
		A37058CD1E5DE3A0009D0739 /* Module.swift */ = {isa = PBXFileReference; fileEncoding = 4; lastKnownFileType = sourcecode.swift; path = Module.swift; sourceTree = "<group>"; };
		A37058D71E5DE4ED009D0739 /* Cat.swift */ = {isa = PBXFileReference; fileEncoding = 4; lastKnownFileType = sourcecode.swift; path = Cat.swift; sourceTree = "<group>"; };
		A37058D81E5DE4ED009D0739 /* Dog.swift */ = {isa = PBXFileReference; fileEncoding = 4; lastKnownFileType = sourcecode.swift; path = Dog.swift; sourceTree = "<group>"; };
		A37058D91E5DE4ED009D0739 /* IAnimal.swift */ = {isa = PBXFileReference; fileEncoding = 4; lastKnownFileType = sourcecode.swift; path = IAnimal.swift; sourceTree = "<group>"; };
		A37058DA1E5DE4ED009D0739 /* PetOwner.swift */ = {isa = PBXFileReference; fileEncoding = 4; lastKnownFileType = sourcecode.swift; path = PetOwner.swift; sourceTree = "<group>"; };
		A37058E71E5DE500009D0739 /* ClassDependencyInjectorTests.swift */ = {isa = PBXFileReference; fileEncoding = 4; lastKnownFileType = sourcecode.swift; path = ClassDependencyInjectorTests.swift; sourceTree = "<group>"; };
		A37058E81E5DE500009D0739 /* DepthClassDependencyInjectorTests.swift */ = {isa = PBXFileReference; fileEncoding = 4; lastKnownFileType = sourcecode.swift; path = DepthClassDependencyInjectorTests.swift; sourceTree = "<group>"; };
		A37058E91E5DE500009D0739 /* SimpleDependencyInjectorTests.swift */ = {isa = PBXFileReference; fileEncoding = 4; lastKnownFileType = sourcecode.swift; path = SimpleDependencyInjectorTests.swift; sourceTree = "<group>"; };
		A3A4D24E1ED4818900BF3EF4 /* Binder.swift */ = {isa = PBXFileReference; fileEncoding = 4; lastKnownFileType = sourcecode.swift; path = Binder.swift; sourceTree = "<group>"; };
		A3F217631ECC5A3100BAD3E0 /* Provider.swift */ = {isa = PBXFileReference; fileEncoding = 4; lastKnownFileType = sourcecode.swift; path = Provider.swift; sourceTree = "<group>"; };
		A98F76A110CFE94B8F35FDAA /* Pods-Tests-DependencyInjectorTests-iOS.release.xcconfig */ = {isa = PBXFileReference; includeInIndex = 1; lastKnownFileType = text.xcconfig; name = "Pods-Tests-DependencyInjectorTests-iOS.release.xcconfig"; path = "Pods/Target Support Files/Pods-Tests-DependencyInjectorTests-iOS/Pods-Tests-DependencyInjectorTests-iOS.release.xcconfig"; sourceTree = "<group>"; };
		B48898EE97550803EF4AB578 /* Pods-Tests-DependencyInjectorTests-iOS.debug.xcconfig */ = {isa = PBXFileReference; includeInIndex = 1; lastKnownFileType = text.xcconfig; name = "Pods-Tests-DependencyInjectorTests-iOS.debug.xcconfig"; path = "Pods/Target Support Files/Pods-Tests-DependencyInjectorTests-iOS/Pods-Tests-DependencyInjectorTests-iOS.debug.xcconfig"; sourceTree = "<group>"; };
		D092A52CD5C9E78D5BAB3B68 /* Pods_Frameworks_DependencyInjector_iOS.framework */ = {isa = PBXFileReference; explicitFileType = wrapper.framework; includeInIndex = 0; path = Pods_Frameworks_DependencyInjector_iOS.framework; sourceTree = BUILT_PRODUCTS_DIR; };
		DC029E72A7BCD5C86BE09551 /* Pods_Frameworks_DependencyInjector_tvOS.framework */ = {isa = PBXFileReference; explicitFileType = wrapper.framework; includeInIndex = 0; path = Pods_Frameworks_DependencyInjector_tvOS.framework; sourceTree = BUILT_PRODUCTS_DIR; };
		E5DEC4FF72E053748F1B87EE /* Pods-Tests-DependencyInjectorTests-OSX.debug.xcconfig */ = {isa = PBXFileReference; includeInIndex = 1; lastKnownFileType = text.xcconfig; name = "Pods-Tests-DependencyInjectorTests-OSX.debug.xcconfig"; path = "Pods/Target Support Files/Pods-Tests-DependencyInjectorTests-OSX/Pods-Tests-DependencyInjectorTests-OSX.debug.xcconfig"; sourceTree = "<group>"; };
		F65A73832A8BEF71EBD508CA /* Pods_Tests_DependencyInjectorTests_OSX.framework */ = {isa = PBXFileReference; explicitFileType = wrapper.framework; includeInIndex = 0; path = Pods_Tests_DependencyInjectorTests_OSX.framework; sourceTree = BUILT_PRODUCTS_DIR; };
		FAD28BA6B0660391D8023F9E /* Pods_Tests_DependencyInjectorTests_iOS.framework */ = {isa = PBXFileReference; explicitFileType = wrapper.framework; includeInIndex = 0; path = Pods_Tests_DependencyInjectorTests_iOS.framework; sourceTree = BUILT_PRODUCTS_DIR; };
/* End PBXFileReference section */

/* Begin PBXFrameworksBuildPhase section */
		A3169DAC1DE05E8300BABAFD /* Frameworks */ = {
			isa = PBXFrameworksBuildPhase;
			buildActionMask = 2147483647;
			files = (
				B0FC9D828A2FC5912F5BEADD /* Pods_Frameworks_DependencyInjector_iOS.framework in Frameworks */,
			);
			runOnlyForDeploymentPostprocessing = 0;
		};
		A3169DB61DE05E8300BABAFD /* Frameworks */ = {
			isa = PBXFrameworksBuildPhase;
			buildActionMask = 2147483647;
			files = (
				A3169DBA1DE05E8300BABAFD /* DependencyInjector.framework in Frameworks */,
				815DA10284D71562F6E30F08 /* Pods_Tests_DependencyInjectorTests_iOS.framework in Frameworks */,
			);
			runOnlyForDeploymentPostprocessing = 0;
		};
		A3169DDA1DE06EF400BABAFD /* Frameworks */ = {
			isa = PBXFrameworksBuildPhase;
			buildActionMask = 2147483647;
			files = (
				336121731A4B11D8913D2F73 /* Pods_Frameworks_DependencyInjector_watchOS.framework in Frameworks */,
			);
			runOnlyForDeploymentPostprocessing = 0;
		};
		A3169DEB1DE0718900BABAFD /* Frameworks */ = {
			isa = PBXFrameworksBuildPhase;
			buildActionMask = 2147483647;
			files = (
				2C9F0EC17DB8C3EA5EEACFF3 /* Pods_Frameworks_DependencyInjector_tvOS.framework in Frameworks */,
			);
			runOnlyForDeploymentPostprocessing = 0;
		};
		A3169DF41DE0718900BABAFD /* Frameworks */ = {
			isa = PBXFrameworksBuildPhase;
			buildActionMask = 2147483647;
			files = (
				A3169DF81DE0718900BABAFD /* DependencyInjector.framework in Frameworks */,
				F4F67F9FC581FB4B3FE5592A /* Pods_Tests_DependencyInjectorTests_tvOS.framework in Frameworks */,
			);
			runOnlyForDeploymentPostprocessing = 0;
		};
		A3169E081DE072C700BABAFD /* Frameworks */ = {
			isa = PBXFrameworksBuildPhase;
			buildActionMask = 2147483647;
			files = (
				7AF74F1E069896FFB068C83E /* Pods_Frameworks_DependencyInjector_OSX.framework in Frameworks */,
			);
			runOnlyForDeploymentPostprocessing = 0;
		};
		A3169E111DE072C800BABAFD /* Frameworks */ = {
			isa = PBXFrameworksBuildPhase;
			buildActionMask = 2147483647;
			files = (
				A3169E151DE072C800BABAFD /* DependencyInjector.framework in Frameworks */,
				0C5BEB0C208321C6B62E8248 /* Pods_Tests_DependencyInjectorTests_OSX.framework in Frameworks */,
			);
			runOnlyForDeploymentPostprocessing = 0;
		};
/* End PBXFrameworksBuildPhase section */

/* Begin PBXGroup section */
		0647B122FA5DF7331FB4F915 /* Pods */ = {
			isa = PBXGroup;
			children = (
				04E9350472F8797657D900A2 /* Pods-Frameworks-DependencyInjector-OSX.debug.xcconfig */,
				528C4B0F7B1CB5272A3D467B /* Pods-Frameworks-DependencyInjector-OSX.release.xcconfig */,
				2053E619579DE23A48C73C9C /* Pods-Frameworks-DependencyInjector-iOS.debug.xcconfig */,
				1448BF010D6580639D0657F4 /* Pods-Frameworks-DependencyInjector-iOS.release.xcconfig */,
				06A4F07E6E9F15EC544A4BC4 /* Pods-Frameworks-DependencyInjector-tvOS.debug.xcconfig */,
				918FC3B9DAF941D1592B143D /* Pods-Frameworks-DependencyInjector-tvOS.release.xcconfig */,
				806CEF756C404A8188FA4759 /* Pods-Frameworks-DependencyInjector-watchOS.debug.xcconfig */,
				56DA6E93DFB445F3C547AA7D /* Pods-Frameworks-DependencyInjector-watchOS.release.xcconfig */,
				E5DEC4FF72E053748F1B87EE /* Pods-Tests-DependencyInjectorTests-OSX.debug.xcconfig */,
				76069B1202C521F2393854F5 /* Pods-Tests-DependencyInjectorTests-OSX.release.xcconfig */,
				B48898EE97550803EF4AB578 /* Pods-Tests-DependencyInjectorTests-iOS.debug.xcconfig */,
				A98F76A110CFE94B8F35FDAA /* Pods-Tests-DependencyInjectorTests-iOS.release.xcconfig */,
				5600FD8A1C64D47B1FA0AC05 /* Pods-Tests-DependencyInjectorTests-tvOS.debug.xcconfig */,
				014B18FE46E10FAF1ED57221 /* Pods-Tests-DependencyInjectorTests-tvOS.release.xcconfig */,
			);
			name = Pods;
			sourceTree = "<group>";
		};
		2766AF92C18229A3B9BA4145 /* Frameworks */ = {
			isa = PBXGroup;
			children = (
				49A743FBDA0858CA5DE9BCB1 /* Pods_Frameworks_DependencyInjector_OSX.framework */,
				D092A52CD5C9E78D5BAB3B68 /* Pods_Frameworks_DependencyInjector_iOS.framework */,
				DC029E72A7BCD5C86BE09551 /* Pods_Frameworks_DependencyInjector_tvOS.framework */,
				961395A6A9DCD7AEF1671CA5 /* Pods_Frameworks_DependencyInjector_watchOS.framework */,
				F65A73832A8BEF71EBD508CA /* Pods_Tests_DependencyInjectorTests_OSX.framework */,
				FAD28BA6B0660391D8023F9E /* Pods_Tests_DependencyInjectorTests_iOS.framework */,
				30FBFA6B690D58961C4C6B4E /* Pods_Tests_DependencyInjectorTests_tvOS.framework */,
			);
			name = Frameworks;
			sourceTree = "<group>";
		};
		A3169DA61DE05E8300BABAFD = {
			isa = PBXGroup;
			children = (
				A3169DCA1DE0629100BABAFD /* Sources */,
				A3169DCF1DE062A000BABAFD /* Tests */,
				A3169DB11DE05E8300BABAFD /* Products */,
				0647B122FA5DF7331FB4F915 /* Pods */,
				2766AF92C18229A3B9BA4145 /* Frameworks */,
			);
			sourceTree = "<group>";
		};
		A3169DB11DE05E8300BABAFD /* Products */ = {
			isa = PBXGroup;
			children = (
				A3169DB01DE05E8300BABAFD /* DependencyInjector.framework */,
				A3169DB91DE05E8300BABAFD /* DependencyInjectorTests-iOS.xctest */,
				A3169DDE1DE06EF400BABAFD /* DependencyInjector.framework */,
				A3169DEF1DE0718900BABAFD /* DependencyInjector.framework */,
				A3169DF71DE0718900BABAFD /* DependencyInjectorTests-tvOS.xctest */,
				A3169E0C1DE072C700BABAFD /* DependencyInjector.framework */,
				A3169E141DE072C800BABAFD /* DependencyInjectorTests-OSX.xctest */,
			);
			name = Products;
			sourceTree = "<group>";
		};
		A3169DCA1DE0629100BABAFD /* Sources */ = {
			isa = PBXGroup;
			children = (
				A3169E751DE083D900BABAFD /* DependencyInjector.h */,
				A37058CC1E5DE3A0009D0739 /* Injector.swift */,
				A37058CD1E5DE3A0009D0739 /* Module.swift */,
				A3F217631ECC5A3100BAD3E0 /* Provider.swift */,
				A3169DCC1DE0629100BABAFD /* Info.plist */,
				A3A4D24E1ED4818900BF3EF4 /* Binder.swift */,
				A31232401ED5C90C00CDE125 /* Injectable.swift */,
			);
			path = Sources;
			sourceTree = "<group>";
		};
		A3169DCF1DE062A000BABAFD /* Tests */ = {
			isa = PBXGroup;
			children = (
				A37058D61E5DE4ED009D0739 /* Domain */,
				A38EF2C61DECF97000637484 /* DependencyInjectorTests */,
				A3169DD11DE062A000BABAFD /* Info.plist */,
			);
			path = Tests;
			sourceTree = "<group>";
		};
		A37058D61E5DE4ED009D0739 /* Domain */ = {
			isa = PBXGroup;
			children = (
				A37058D71E5DE4ED009D0739 /* Cat.swift */,
				A37058D81E5DE4ED009D0739 /* Dog.swift */,
				A37058D91E5DE4ED009D0739 /* IAnimal.swift */,
				A37058DA1E5DE4ED009D0739 /* PetOwner.swift */,
			);
			name = Domain;
			path = Domains;
			sourceTree = "<group>";
		};
		A38EF2C61DECF97000637484 /* DependencyInjectorTests */ = {
			isa = PBXGroup;
			children = (
				A37058E71E5DE500009D0739 /* ClassDependencyInjectorTests.swift */,
				A37058E81E5DE500009D0739 /* DepthClassDependencyInjectorTests.swift */,
				A37058E91E5DE500009D0739 /* SimpleDependencyInjectorTests.swift */,
			);
			path = DependencyInjectorTests;
			sourceTree = "<group>";
		};
/* End PBXGroup section */

/* Begin PBXHeadersBuildPhase section */
		A3169E281DE07B0500BABAFD /* Headers */ = {
			isa = PBXHeadersBuildPhase;
			buildActionMask = 2147483647;
			files = (
				A3169E781DE083D900BABAFD /* DependencyInjector.h in Headers */,
			);
			runOnlyForDeploymentPostprocessing = 0;
		};
		A3169E2A1DE07B3E00BABAFD /* Headers */ = {
			isa = PBXHeadersBuildPhase;
			buildActionMask = 2147483647;
			files = (
				A3169E791DE083D900BABAFD /* DependencyInjector.h in Headers */,
			);
			runOnlyForDeploymentPostprocessing = 0;
		};
		A3169E631DE0804300BABAFD /* Headers */ = {
			isa = PBXHeadersBuildPhase;
			buildActionMask = 2147483647;
			files = (
				A3169E761DE083D900BABAFD /* DependencyInjector.h in Headers */,
			);
			runOnlyForDeploymentPostprocessing = 0;
		};
		A3169E651DE0804D00BABAFD /* Headers */ = {
			isa = PBXHeadersBuildPhase;
			buildActionMask = 2147483647;
			files = (
				A3169E771DE083D900BABAFD /* DependencyInjector.h in Headers */,
			);
			runOnlyForDeploymentPostprocessing = 0;
		};
/* End PBXHeadersBuildPhase section */

/* Begin PBXNativeTarget section */
		A3169DAF1DE05E8300BABAFD /* DependencyInjector-iOS */ = {
			isa = PBXNativeTarget;
			buildConfigurationList = A3169DC41DE05E8300BABAFD /* Build configuration list for PBXNativeTarget "DependencyInjector-iOS" */;
			buildPhases = (
				4DCB0C027B97E4C353C3EE86 /* [CP] Check Pods Manifest.lock */,
				A3169DAB1DE05E8300BABAFD /* Sources */,
				A3169DAC1DE05E8300BABAFD /* Frameworks */,
				A3169DAE1DE05E8300BABAFD /* Resources */,
				A3169DD81DE0654400BABAFD /* Swiftlint */,
				A3169E631DE0804300BABAFD /* Headers */,
				E351319E7D55209F629AF19F /* [CP] Copy Pods Resources */,
			);
			buildRules = (
			);
			dependencies = (
			);
			name = "DependencyInjector-iOS";
			productName = DependencyInjector;
			productReference = A3169DB01DE05E8300BABAFD /* DependencyInjector.framework */;
			productType = "com.apple.product-type.framework";
		};
		A3169DB81DE05E8300BABAFD /* DependencyInjectorTests-iOS */ = {
			isa = PBXNativeTarget;
			buildConfigurationList = A3169DC71DE05E8300BABAFD /* Build configuration list for PBXNativeTarget "DependencyInjectorTests-iOS" */;
			buildPhases = (
				D8ED7383CE3F15FCED55C1E1 /* [CP] Check Pods Manifest.lock */,
				A3169DB51DE05E8300BABAFD /* Sources */,
				A3169DB61DE05E8300BABAFD /* Frameworks */,
				A3169DB71DE05E8300BABAFD /* Resources */,
				21C1657857291E1C298105ED /* [CP] Embed Pods Frameworks */,
				DBB7EC2034AD8777DA268146 /* [CP] Copy Pods Resources */,
			);
			buildRules = (
			);
			dependencies = (
				A3169DBC1DE05E8300BABAFD /* PBXTargetDependency */,
			);
			name = "DependencyInjectorTests-iOS";
			productName = DependencyInjectorTests;
			productReference = A3169DB91DE05E8300BABAFD /* DependencyInjectorTests-iOS.xctest */;
			productType = "com.apple.product-type.bundle.unit-test";
		};
		A3169DDD1DE06EF400BABAFD /* DependencyInjector-watchOS */ = {
			isa = PBXNativeTarget;
			buildConfigurationList = A3169DE31DE06EF400BABAFD /* Build configuration list for PBXNativeTarget "DependencyInjector-watchOS" */;
			buildPhases = (
				38403A81A68DD14B71CAF17A /* [CP] Check Pods Manifest.lock */,
				A3169DD91DE06EF400BABAFD /* Sources */,
				A3169DDA1DE06EF400BABAFD /* Frameworks */,
				A3169DDC1DE06EF400BABAFD /* Resources */,
				A3169DE71DE06FB300BABAFD /* Swiftlint */,
				A3169E651DE0804D00BABAFD /* Headers */,
				F81E119997F62508A22B855E /* [CP] Copy Pods Resources */,
			);
			buildRules = (
			);
			dependencies = (
			);
			name = "DependencyInjector-watchOS";
			productName = DependencyInjector;
			productReference = A3169DDE1DE06EF400BABAFD /* DependencyInjector.framework */;
			productType = "com.apple.product-type.framework";
		};
		A3169DEE1DE0718900BABAFD /* DependencyInjector-tvOS */ = {
			isa = PBXNativeTarget;
			buildConfigurationList = A3169E001DE0718900BABAFD /* Build configuration list for PBXNativeTarget "DependencyInjector-tvOS" */;
			buildPhases = (
				7E9363BFB3C4F0F49405FEAF /* [CP] Check Pods Manifest.lock */,
				A3169DEA1DE0718900BABAFD /* Sources */,
				A3169DEB1DE0718900BABAFD /* Frameworks */,
				A3169DED1DE0718900BABAFD /* Resources */,
				A3169E061DE0727A00BABAFD /* Swiftlint */,
				A3169E281DE07B0500BABAFD /* Headers */,
				7FE4F0C19E777EAED3F77E49 /* [CP] Copy Pods Resources */,
			);
			buildRules = (
			);
			dependencies = (
			);
			name = "DependencyInjector-tvOS";
			productName = DependencyInjector;
			productReference = A3169DEF1DE0718900BABAFD /* DependencyInjector.framework */;
			productType = "com.apple.product-type.framework";
		};
		A3169DF61DE0718900BABAFD /* DependencyInjectorTests-tvOS */ = {
			isa = PBXNativeTarget;
			buildConfigurationList = A3169E031DE0718900BABAFD /* Build configuration list for PBXNativeTarget "DependencyInjectorTests-tvOS" */;
			buildPhases = (
				B76AAFBE9404F84E12408436 /* [CP] Check Pods Manifest.lock */,
				A3169DF31DE0718900BABAFD /* Sources */,
				A3169DF41DE0718900BABAFD /* Frameworks */,
				A3169DF51DE0718900BABAFD /* Resources */,
				BACFE2E7D0DE940C6C942CD6 /* [CP] Embed Pods Frameworks */,
				915D18BC306182F279583140 /* [CP] Copy Pods Resources */,
			);
			buildRules = (
			);
			dependencies = (
				A3169DFA1DE0718900BABAFD /* PBXTargetDependency */,
			);
			name = "DependencyInjectorTests-tvOS";
			productName = DependencyInjectorTests;
			productReference = A3169DF71DE0718900BABAFD /* DependencyInjectorTests-tvOS.xctest */;
			productType = "com.apple.product-type.bundle.unit-test";
		};
		A3169E0B1DE072C700BABAFD /* DependencyInjector-OSX */ = {
			isa = PBXNativeTarget;
			buildConfigurationList = A3169E1D1DE072C800BABAFD /* Build configuration list for PBXNativeTarget "DependencyInjector-OSX" */;
			buildPhases = (
				58E2D351C2C257CF140B136F /* [CP] Check Pods Manifest.lock */,
				A3169E071DE072C700BABAFD /* Sources */,
				A3169E081DE072C700BABAFD /* Frameworks */,
				A3169E0A1DE072C700BABAFD /* Resources */,
				A3169E231DE0732D00BABAFD /* Swiftlint */,
				A3169E2A1DE07B3E00BABAFD /* Headers */,
				2D30AC719EE533F71A5ACC18 /* [CP] Copy Pods Resources */,
			);
			buildRules = (
			);
			dependencies = (
			);
			name = "DependencyInjector-OSX";
			productName = DependencyInjector;
			productReference = A3169E0C1DE072C700BABAFD /* DependencyInjector.framework */;
			productType = "com.apple.product-type.framework";
		};
		A3169E131DE072C800BABAFD /* DependencyInjectorTests-OSX */ = {
			isa = PBXNativeTarget;
			buildConfigurationList = A3169E201DE072C800BABAFD /* Build configuration list for PBXNativeTarget "DependencyInjectorTests-OSX" */;
			buildPhases = (
				F36F5DA75DFD62AE6E995E0E /* [CP] Check Pods Manifest.lock */,
				A3169E101DE072C800BABAFD /* Sources */,
				A3169E111DE072C800BABAFD /* Frameworks */,
				A3169E121DE072C800BABAFD /* Resources */,
				5C94DB81DA151C27BE0BCE60 /* [CP] Embed Pods Frameworks */,
				A6B0122A57EF42CCD131A668 /* [CP] Copy Pods Resources */,
			);
			buildRules = (
			);
			dependencies = (
				A3169E171DE072C800BABAFD /* PBXTargetDependency */,
			);
			name = "DependencyInjectorTests-OSX";
			productName = DependencyInjectorTests;
			productReference = A3169E141DE072C800BABAFD /* DependencyInjectorTests-OSX.xctest */;
			productType = "com.apple.product-type.bundle.unit-test";
		};
/* End PBXNativeTarget section */

/* Begin PBXProject section */
		A3169DA71DE05E8300BABAFD /* Project object */ = {
			isa = PBXProject;
			attributes = {
				LastSwiftUpdateCheck = 0810;
				LastUpgradeCheck = 0900;
				ORGANIZATIONNAME = Digipolitan;
				TargetAttributes = {
					A3169DAF1DE05E8300BABAFD = {
						CreatedOnToolsVersion = 8.1;
						DevelopmentTeam = 582762VK3P;
						LastSwiftMigration = 0900;
						ProvisioningStyle = Automatic;
					};
					A3169DB81DE05E8300BABAFD = {
						CreatedOnToolsVersion = 8.1;
						DevelopmentTeam = 582762VK3P;
						ProvisioningStyle = Automatic;
					};
					A3169DDD1DE06EF400BABAFD = {
						CreatedOnToolsVersion = 8.1;
						DevelopmentTeam = 582762VK3P;
						LastSwiftMigration = 0820;
						ProvisioningStyle = Automatic;
					};
					A3169DEE1DE0718900BABAFD = {
						CreatedOnToolsVersion = 8.1;
						DevelopmentTeam = 582762VK3P;
						LastSwiftMigration = 0820;
						ProvisioningStyle = Automatic;
					};
					A3169DF61DE0718900BABAFD = {
						CreatedOnToolsVersion = 8.1;
						DevelopmentTeam = 582762VK3P;
						ProvisioningStyle = Automatic;
					};
					A3169E0B1DE072C700BABAFD = {
						CreatedOnToolsVersion = 8.1;
						DevelopmentTeam = 582762VK3P;
						LastSwiftMigration = 0820;
						ProvisioningStyle = Automatic;
					};
					A3169E131DE072C800BABAFD = {
						CreatedOnToolsVersion = 8.1;
						DevelopmentTeam = 582762VK3P;
						ProvisioningStyle = Automatic;
					};
				};
			};
			buildConfigurationList = A3169DAA1DE05E8300BABAFD /* Build configuration list for PBXProject "DependencyInjector" */;
			compatibilityVersion = "Xcode 3.2";
			developmentRegion = English;
			hasScannedForEncodings = 0;
			knownRegions = (
				en,
			);
			mainGroup = A3169DA61DE05E8300BABAFD;
			productRefGroup = A3169DB11DE05E8300BABAFD /* Products */;
			projectDirPath = "";
			projectRoot = "";
			targets = (
				A3169DAF1DE05E8300BABAFD /* DependencyInjector-iOS */,
				A3169DB81DE05E8300BABAFD /* DependencyInjectorTests-iOS */,
				A3169DDD1DE06EF400BABAFD /* DependencyInjector-watchOS */,
				A3169DEE1DE0718900BABAFD /* DependencyInjector-tvOS */,
				A3169DF61DE0718900BABAFD /* DependencyInjectorTests-tvOS */,
				A3169E0B1DE072C700BABAFD /* DependencyInjector-OSX */,
				A3169E131DE072C800BABAFD /* DependencyInjectorTests-OSX */,
			);
		};
/* End PBXProject section */

/* Begin PBXResourcesBuildPhase section */
		A3169DAE1DE05E8300BABAFD /* Resources */ = {
			isa = PBXResourcesBuildPhase;
			buildActionMask = 2147483647;
			files = (
			);
			runOnlyForDeploymentPostprocessing = 0;
		};
		A3169DB71DE05E8300BABAFD /* Resources */ = {
			isa = PBXResourcesBuildPhase;
			buildActionMask = 2147483647;
			files = (
			);
			runOnlyForDeploymentPostprocessing = 0;
		};
		A3169DDC1DE06EF400BABAFD /* Resources */ = {
			isa = PBXResourcesBuildPhase;
			buildActionMask = 2147483647;
			files = (
			);
			runOnlyForDeploymentPostprocessing = 0;
		};
		A3169DED1DE0718900BABAFD /* Resources */ = {
			isa = PBXResourcesBuildPhase;
			buildActionMask = 2147483647;
			files = (
			);
			runOnlyForDeploymentPostprocessing = 0;
		};
		A3169DF51DE0718900BABAFD /* Resources */ = {
			isa = PBXResourcesBuildPhase;
			buildActionMask = 2147483647;
			files = (
			);
			runOnlyForDeploymentPostprocessing = 0;
		};
		A3169E0A1DE072C700BABAFD /* Resources */ = {
			isa = PBXResourcesBuildPhase;
			buildActionMask = 2147483647;
			files = (
			);
			runOnlyForDeploymentPostprocessing = 0;
		};
		A3169E121DE072C800BABAFD /* Resources */ = {
			isa = PBXResourcesBuildPhase;
			buildActionMask = 2147483647;
			files = (
			);
			runOnlyForDeploymentPostprocessing = 0;
		};
/* End PBXResourcesBuildPhase section */

/* Begin PBXShellScriptBuildPhase section */
		21C1657857291E1C298105ED /* [CP] Embed Pods Frameworks */ = {
			isa = PBXShellScriptBuildPhase;
			buildActionMask = 2147483647;
			files = (
			);
			inputPaths = (
			);
			name = "[CP] Embed Pods Frameworks";
			outputPaths = (
			);
			runOnlyForDeploymentPostprocessing = 0;
			shellPath = /bin/sh;
			shellScript = "\"${SRCROOT}/Pods/Target Support Files/Pods-Tests-DependencyInjectorTests-iOS/Pods-Tests-DependencyInjectorTests-iOS-frameworks.sh\"\n";
			showEnvVarsInLog = 0;
		};
		2D30AC719EE533F71A5ACC18 /* [CP] Copy Pods Resources */ = {
			isa = PBXShellScriptBuildPhase;
			buildActionMask = 2147483647;
			files = (
			);
			inputPaths = (
			);
			name = "[CP] Copy Pods Resources";
			outputPaths = (
			);
			runOnlyForDeploymentPostprocessing = 0;
			shellPath = /bin/sh;
			shellScript = "\"${SRCROOT}/Pods/Target Support Files/Pods-Frameworks-DependencyInjector-OSX/Pods-Frameworks-DependencyInjector-OSX-resources.sh\"\n";
			showEnvVarsInLog = 0;
		};
		38403A81A68DD14B71CAF17A /* [CP] Check Pods Manifest.lock */ = {
			isa = PBXShellScriptBuildPhase;
			buildActionMask = 2147483647;
			files = (
			);
			inputPaths = (
				"${PODS_PODFILE_DIR_PATH}/Podfile.lock",
				"${PODS_ROOT}/Manifest.lock",
			);
			name = "[CP] Check Pods Manifest.lock";
			outputPaths = (
				"$(DERIVED_FILE_DIR)/Pods-Frameworks-DependencyInjector-watchOS-checkManifestLockResult.txt",
			);
			runOnlyForDeploymentPostprocessing = 0;
			shellPath = /bin/sh;
			shellScript = "diff \"${PODS_PODFILE_DIR_PATH}/Podfile.lock\" \"${PODS_ROOT}/Manifest.lock\" > /dev/null\nif [ $? != 0 ] ; then\n    # print error to STDERR\n    echo \"error: The sandbox is not in sync with the Podfile.lock. Run 'pod install' or update your CocoaPods installation.\" >&2\n    exit 1\nfi\n# This output is used by Xcode 'outputs' to avoid re-running this script phase.\necho \"SUCCESS\" > \"${SCRIPT_OUTPUT_FILE_0}\"\n";
			showEnvVarsInLog = 0;
		};
		4DCB0C027B97E4C353C3EE86 /* [CP] Check Pods Manifest.lock */ = {
			isa = PBXShellScriptBuildPhase;
			buildActionMask = 2147483647;
			files = (
			);
			inputPaths = (
				"${PODS_PODFILE_DIR_PATH}/Podfile.lock",
				"${PODS_ROOT}/Manifest.lock",
			);
			name = "[CP] Check Pods Manifest.lock";
			outputPaths = (
				"$(DERIVED_FILE_DIR)/Pods-Frameworks-DependencyInjector-iOS-checkManifestLockResult.txt",
			);
			runOnlyForDeploymentPostprocessing = 0;
			shellPath = /bin/sh;
			shellScript = "diff \"${PODS_PODFILE_DIR_PATH}/Podfile.lock\" \"${PODS_ROOT}/Manifest.lock\" > /dev/null\nif [ $? != 0 ] ; then\n    # print error to STDERR\n    echo \"error: The sandbox is not in sync with the Podfile.lock. Run 'pod install' or update your CocoaPods installation.\" >&2\n    exit 1\nfi\n# This output is used by Xcode 'outputs' to avoid re-running this script phase.\necho \"SUCCESS\" > \"${SCRIPT_OUTPUT_FILE_0}\"\n";
			showEnvVarsInLog = 0;
		};
		58E2D351C2C257CF140B136F /* [CP] Check Pods Manifest.lock */ = {
			isa = PBXShellScriptBuildPhase;
			buildActionMask = 2147483647;
			files = (
			);
			inputPaths = (
				"${PODS_PODFILE_DIR_PATH}/Podfile.lock",
				"${PODS_ROOT}/Manifest.lock",
			);
			name = "[CP] Check Pods Manifest.lock";
			outputPaths = (
				"$(DERIVED_FILE_DIR)/Pods-Frameworks-DependencyInjector-OSX-checkManifestLockResult.txt",
			);
			runOnlyForDeploymentPostprocessing = 0;
			shellPath = /bin/sh;
			shellScript = "diff \"${PODS_PODFILE_DIR_PATH}/Podfile.lock\" \"${PODS_ROOT}/Manifest.lock\" > /dev/null\nif [ $? != 0 ] ; then\n    # print error to STDERR\n    echo \"error: The sandbox is not in sync with the Podfile.lock. Run 'pod install' or update your CocoaPods installation.\" >&2\n    exit 1\nfi\n# This output is used by Xcode 'outputs' to avoid re-running this script phase.\necho \"SUCCESS\" > \"${SCRIPT_OUTPUT_FILE_0}\"\n";
			showEnvVarsInLog = 0;
		};
		5C94DB81DA151C27BE0BCE60 /* [CP] Embed Pods Frameworks */ = {
			isa = PBXShellScriptBuildPhase;
			buildActionMask = 2147483647;
			files = (
			);
			inputPaths = (
			);
			name = "[CP] Embed Pods Frameworks";
			outputPaths = (
			);
			runOnlyForDeploymentPostprocessing = 0;
			shellPath = /bin/sh;
			shellScript = "\"${SRCROOT}/Pods/Target Support Files/Pods-Tests-DependencyInjectorTests-OSX/Pods-Tests-DependencyInjectorTests-OSX-frameworks.sh\"\n";
			showEnvVarsInLog = 0;
		};
		7E9363BFB3C4F0F49405FEAF /* [CP] Check Pods Manifest.lock */ = {
			isa = PBXShellScriptBuildPhase;
			buildActionMask = 2147483647;
			files = (
			);
			inputPaths = (
				"${PODS_PODFILE_DIR_PATH}/Podfile.lock",
				"${PODS_ROOT}/Manifest.lock",
			);
			name = "[CP] Check Pods Manifest.lock";
			outputPaths = (
				"$(DERIVED_FILE_DIR)/Pods-Frameworks-DependencyInjector-tvOS-checkManifestLockResult.txt",
			);
			runOnlyForDeploymentPostprocessing = 0;
			shellPath = /bin/sh;
			shellScript = "diff \"${PODS_PODFILE_DIR_PATH}/Podfile.lock\" \"${PODS_ROOT}/Manifest.lock\" > /dev/null\nif [ $? != 0 ] ; then\n    # print error to STDERR\n    echo \"error: The sandbox is not in sync with the Podfile.lock. Run 'pod install' or update your CocoaPods installation.\" >&2\n    exit 1\nfi\n# This output is used by Xcode 'outputs' to avoid re-running this script phase.\necho \"SUCCESS\" > \"${SCRIPT_OUTPUT_FILE_0}\"\n";
			showEnvVarsInLog = 0;
		};
		7FE4F0C19E777EAED3F77E49 /* [CP] Copy Pods Resources */ = {
			isa = PBXShellScriptBuildPhase;
			buildActionMask = 2147483647;
			files = (
			);
			inputPaths = (
			);
			name = "[CP] Copy Pods Resources";
			outputPaths = (
			);
			runOnlyForDeploymentPostprocessing = 0;
			shellPath = /bin/sh;
			shellScript = "\"${SRCROOT}/Pods/Target Support Files/Pods-Frameworks-DependencyInjector-tvOS/Pods-Frameworks-DependencyInjector-tvOS-resources.sh\"\n";
			showEnvVarsInLog = 0;
		};
		915D18BC306182F279583140 /* [CP] Copy Pods Resources */ = {
			isa = PBXShellScriptBuildPhase;
			buildActionMask = 2147483647;
			files = (
			);
			inputPaths = (
			);
			name = "[CP] Copy Pods Resources";
			outputPaths = (
			);
			runOnlyForDeploymentPostprocessing = 0;
			shellPath = /bin/sh;
			shellScript = "\"${SRCROOT}/Pods/Target Support Files/Pods-Tests-DependencyInjectorTests-tvOS/Pods-Tests-DependencyInjectorTests-tvOS-resources.sh\"\n";
			showEnvVarsInLog = 0;
		};
		A3169DD81DE0654400BABAFD /* Swiftlint */ = {
			isa = PBXShellScriptBuildPhase;
			buildActionMask = 2147483647;
			files = (
			);
			inputPaths = (
			);
			name = Swiftlint;
			outputPaths = (
			);
			runOnlyForDeploymentPostprocessing = 0;
			shellPath = /bin/sh;
			shellScript = "if which swiftlint >/dev/null; then\n    swiftlint\nelse\n    echo \"warning: SwiftLint not installed, download from https://github.com/realm/SwiftLint\"\nfi";
		};
		A3169DE71DE06FB300BABAFD /* Swiftlint */ = {
			isa = PBXShellScriptBuildPhase;
			buildActionMask = 2147483647;
			files = (
			);
			inputPaths = (
			);
			name = Swiftlint;
			outputPaths = (
			);
			runOnlyForDeploymentPostprocessing = 0;
			shellPath = /bin/sh;
			shellScript = "if which swiftlint >/dev/null; then\n    swiftlint\nelse\n    echo \"warning: SwiftLint not installed, download from https://github.com/realm/SwiftLint\"\nfi";
		};
		A3169E061DE0727A00BABAFD /* Swiftlint */ = {
			isa = PBXShellScriptBuildPhase;
			buildActionMask = 2147483647;
			files = (
			);
			inputPaths = (
			);
			name = Swiftlint;
			outputPaths = (
			);
			runOnlyForDeploymentPostprocessing = 0;
			shellPath = /bin/sh;
			shellScript = "if which swiftlint >/dev/null; then\n    swiftlint\nelse\n    echo \"warning: SwiftLint not installed, download from https://github.com/realm/SwiftLint\"\nfi";
		};
		A3169E231DE0732D00BABAFD /* Swiftlint */ = {
			isa = PBXShellScriptBuildPhase;
			buildActionMask = 2147483647;
			files = (
			);
			inputPaths = (
			);
			name = Swiftlint;
			outputPaths = (
			);
			runOnlyForDeploymentPostprocessing = 0;
			shellPath = /bin/sh;
			shellScript = "if which swiftlint >/dev/null; then\n    swiftlint\nelse\n    echo \"warning: SwiftLint not installed, download from https://github.com/realm/SwiftLint\"\nfi";
		};
		A6B0122A57EF42CCD131A668 /* [CP] Copy Pods Resources */ = {
			isa = PBXShellScriptBuildPhase;
			buildActionMask = 2147483647;
			files = (
			);
			inputPaths = (
			);
			name = "[CP] Copy Pods Resources";
			outputPaths = (
			);
			runOnlyForDeploymentPostprocessing = 0;
			shellPath = /bin/sh;
			shellScript = "\"${SRCROOT}/Pods/Target Support Files/Pods-Tests-DependencyInjectorTests-OSX/Pods-Tests-DependencyInjectorTests-OSX-resources.sh\"\n";
			showEnvVarsInLog = 0;
		};
		B76AAFBE9404F84E12408436 /* [CP] Check Pods Manifest.lock */ = {
			isa = PBXShellScriptBuildPhase;
			buildActionMask = 2147483647;
			files = (
			);
			inputPaths = (
				"${PODS_PODFILE_DIR_PATH}/Podfile.lock",
				"${PODS_ROOT}/Manifest.lock",
			);
			name = "[CP] Check Pods Manifest.lock";
			outputPaths = (
				"$(DERIVED_FILE_DIR)/Pods-Tests-DependencyInjectorTests-tvOS-checkManifestLockResult.txt",
			);
			runOnlyForDeploymentPostprocessing = 0;
			shellPath = /bin/sh;
			shellScript = "diff \"${PODS_PODFILE_DIR_PATH}/Podfile.lock\" \"${PODS_ROOT}/Manifest.lock\" > /dev/null\nif [ $? != 0 ] ; then\n    # print error to STDERR\n    echo \"error: The sandbox is not in sync with the Podfile.lock. Run 'pod install' or update your CocoaPods installation.\" >&2\n    exit 1\nfi\n# This output is used by Xcode 'outputs' to avoid re-running this script phase.\necho \"SUCCESS\" > \"${SCRIPT_OUTPUT_FILE_0}\"\n";
			showEnvVarsInLog = 0;
		};
		BACFE2E7D0DE940C6C942CD6 /* [CP] Embed Pods Frameworks */ = {
			isa = PBXShellScriptBuildPhase;
			buildActionMask = 2147483647;
			files = (
			);
			inputPaths = (
			);
			name = "[CP] Embed Pods Frameworks";
			outputPaths = (
			);
			runOnlyForDeploymentPostprocessing = 0;
			shellPath = /bin/sh;
			shellScript = "\"${SRCROOT}/Pods/Target Support Files/Pods-Tests-DependencyInjectorTests-tvOS/Pods-Tests-DependencyInjectorTests-tvOS-frameworks.sh\"\n";
			showEnvVarsInLog = 0;
		};
		D8ED7383CE3F15FCED55C1E1 /* [CP] Check Pods Manifest.lock */ = {
			isa = PBXShellScriptBuildPhase;
			buildActionMask = 2147483647;
			files = (
			);
			inputPaths = (
				"${PODS_PODFILE_DIR_PATH}/Podfile.lock",
				"${PODS_ROOT}/Manifest.lock",
			);
			name = "[CP] Check Pods Manifest.lock";
			outputPaths = (
				"$(DERIVED_FILE_DIR)/Pods-Tests-DependencyInjectorTests-iOS-checkManifestLockResult.txt",
			);
			runOnlyForDeploymentPostprocessing = 0;
			shellPath = /bin/sh;
			shellScript = "diff \"${PODS_PODFILE_DIR_PATH}/Podfile.lock\" \"${PODS_ROOT}/Manifest.lock\" > /dev/null\nif [ $? != 0 ] ; then\n    # print error to STDERR\n    echo \"error: The sandbox is not in sync with the Podfile.lock. Run 'pod install' or update your CocoaPods installation.\" >&2\n    exit 1\nfi\n# This output is used by Xcode 'outputs' to avoid re-running this script phase.\necho \"SUCCESS\" > \"${SCRIPT_OUTPUT_FILE_0}\"\n";
			showEnvVarsInLog = 0;
		};
		DBB7EC2034AD8777DA268146 /* [CP] Copy Pods Resources */ = {
			isa = PBXShellScriptBuildPhase;
			buildActionMask = 2147483647;
			files = (
			);
			inputPaths = (
			);
			name = "[CP] Copy Pods Resources";
			outputPaths = (
			);
			runOnlyForDeploymentPostprocessing = 0;
			shellPath = /bin/sh;
			shellScript = "\"${SRCROOT}/Pods/Target Support Files/Pods-Tests-DependencyInjectorTests-iOS/Pods-Tests-DependencyInjectorTests-iOS-resources.sh\"\n";
			showEnvVarsInLog = 0;
		};
		E351319E7D55209F629AF19F /* [CP] Copy Pods Resources */ = {
			isa = PBXShellScriptBuildPhase;
			buildActionMask = 2147483647;
			files = (
			);
			inputPaths = (
			);
			name = "[CP] Copy Pods Resources";
			outputPaths = (
			);
			runOnlyForDeploymentPostprocessing = 0;
			shellPath = /bin/sh;
			shellScript = "\"${SRCROOT}/Pods/Target Support Files/Pods-Frameworks-DependencyInjector-iOS/Pods-Frameworks-DependencyInjector-iOS-resources.sh\"\n";
			showEnvVarsInLog = 0;
		};
		F36F5DA75DFD62AE6E995E0E /* [CP] Check Pods Manifest.lock */ = {
			isa = PBXShellScriptBuildPhase;
			buildActionMask = 2147483647;
			files = (
			);
			inputPaths = (
				"${PODS_PODFILE_DIR_PATH}/Podfile.lock",
				"${PODS_ROOT}/Manifest.lock",
			);
			name = "[CP] Check Pods Manifest.lock";
			outputPaths = (
				"$(DERIVED_FILE_DIR)/Pods-Tests-DependencyInjectorTests-OSX-checkManifestLockResult.txt",
			);
			runOnlyForDeploymentPostprocessing = 0;
			shellPath = /bin/sh;
			shellScript = "diff \"${PODS_PODFILE_DIR_PATH}/Podfile.lock\" \"${PODS_ROOT}/Manifest.lock\" > /dev/null\nif [ $? != 0 ] ; then\n    # print error to STDERR\n    echo \"error: The sandbox is not in sync with the Podfile.lock. Run 'pod install' or update your CocoaPods installation.\" >&2\n    exit 1\nfi\n# This output is used by Xcode 'outputs' to avoid re-running this script phase.\necho \"SUCCESS\" > \"${SCRIPT_OUTPUT_FILE_0}\"\n";
			showEnvVarsInLog = 0;
		};
		F81E119997F62508A22B855E /* [CP] Copy Pods Resources */ = {
			isa = PBXShellScriptBuildPhase;
			buildActionMask = 2147483647;
			files = (
			);
			inputPaths = (
			);
			name = "[CP] Copy Pods Resources";
			outputPaths = (
			);
			runOnlyForDeploymentPostprocessing = 0;
			shellPath = /bin/sh;
			shellScript = "\"${SRCROOT}/Pods/Target Support Files/Pods-Frameworks-DependencyInjector-watchOS/Pods-Frameworks-DependencyInjector-watchOS-resources.sh\"\n";
			showEnvVarsInLog = 0;
		};
/* End PBXShellScriptBuildPhase section */

/* Begin PBXSourcesBuildPhase section */
		A3169DAB1DE05E8300BABAFD /* Sources */ = {
			isa = PBXSourcesBuildPhase;
			buildActionMask = 2147483647;
			files = (
				A3A4D24F1ED4818900BF3EF4 /* Binder.swift in Sources */,
				A37058D21E5DE3A0009D0739 /* Module.swift in Sources */,
				A3F217641ECC5A3100BAD3E0 /* Provider.swift in Sources */,
				A31232411ED5C90D00CDE125 /* Injectable.swift in Sources */,
				A37058CE1E5DE3A0009D0739 /* Injector.swift in Sources */,
			);
			runOnlyForDeploymentPostprocessing = 0;
		};
		A3169DB51DE05E8300BABAFD /* Sources */ = {
			isa = PBXSourcesBuildPhase;
			buildActionMask = 2147483647;
			files = (
				A37058DB1E5DE4ED009D0739 /* Cat.swift in Sources */,
				A37058F01E5DE500009D0739 /* SimpleDependencyInjectorTests.swift in Sources */,
				A37058EA1E5DE500009D0739 /* ClassDependencyInjectorTests.swift in Sources */,
				A37058DE1E5DE4ED009D0739 /* Dog.swift in Sources */,
				A37058E11E5DE4ED009D0739 /* IAnimal.swift in Sources */,
				A37058E41E5DE4ED009D0739 /* PetOwner.swift in Sources */,
				A37058ED1E5DE500009D0739 /* DepthClassDependencyInjectorTests.swift in Sources */,
			);
			runOnlyForDeploymentPostprocessing = 0;
		};
		A3169DD91DE06EF400BABAFD /* Sources */ = {
			isa = PBXSourcesBuildPhase;
			buildActionMask = 2147483647;
			files = (
				A3A4D2501ED4818900BF3EF4 /* Binder.swift in Sources */,
				A3F217651ECC8D7600BAD3E0 /* Provider.swift in Sources */,
				A37058D31E5DE3A0009D0739 /* Module.swift in Sources */,
				A31583461F052A9600787072 /* Injectable.swift in Sources */,
				A37058CF1E5DE3A0009D0739 /* Injector.swift in Sources */,
			);
			runOnlyForDeploymentPostprocessing = 0;
		};
		A3169DEA1DE0718900BABAFD /* Sources */ = {
			isa = PBXSourcesBuildPhase;
			buildActionMask = 2147483647;
			files = (
				A3A4D2511ED4818900BF3EF4 /* Binder.swift in Sources */,
				A3F217661ECC8D7700BAD3E0 /* Provider.swift in Sources */,
				A37058D41E5DE3A0009D0739 /* Module.swift in Sources */,
				A31583471F052A9700787072 /* Injectable.swift in Sources */,
				A37058D01E5DE3A0009D0739 /* Injector.swift in Sources */,
			);
			runOnlyForDeploymentPostprocessing = 0;
		};
		A3169DF31DE0718900BABAFD /* Sources */ = {
			isa = PBXSourcesBuildPhase;
			buildActionMask = 2147483647;
			files = (
				A37058DC1E5DE4ED009D0739 /* Cat.swift in Sources */,
				A37058F11E5DE500009D0739 /* SimpleDependencyInjectorTests.swift in Sources */,
				A37058EB1E5DE500009D0739 /* ClassDependencyInjectorTests.swift in Sources */,
				A37058DF1E5DE4ED009D0739 /* Dog.swift in Sources */,
				A37058E21E5DE4ED009D0739 /* IAnimal.swift in Sources */,
				A37058E51E5DE4ED009D0739 /* PetOwner.swift in Sources */,
				A37058EE1E5DE500009D0739 /* DepthClassDependencyInjectorTests.swift in Sources */,
			);
			runOnlyForDeploymentPostprocessing = 0;
		};
		A3169E071DE072C700BABAFD /* Sources */ = {
			isa = PBXSourcesBuildPhase;
			buildActionMask = 2147483647;
			files = (
				A3A4D2521ED4818900BF3EF4 /* Binder.swift in Sources */,
				A3F217671ECC8D7800BAD3E0 /* Provider.swift in Sources */,
				A37058D51E5DE3A0009D0739 /* Module.swift in Sources */,
				A31583481F052A9800787072 /* Injectable.swift in Sources */,
				A37058D11E5DE3A0009D0739 /* Injector.swift in Sources */,
			);
			runOnlyForDeploymentPostprocessing = 0;
		};
		A3169E101DE072C800BABAFD /* Sources */ = {
			isa = PBXSourcesBuildPhase;
			buildActionMask = 2147483647;
			files = (
				A37058DD1E5DE4ED009D0739 /* Cat.swift in Sources */,
				A37058F21E5DE500009D0739 /* SimpleDependencyInjectorTests.swift in Sources */,
				A37058EC1E5DE500009D0739 /* ClassDependencyInjectorTests.swift in Sources */,
				A37058E01E5DE4ED009D0739 /* Dog.swift in Sources */,
				A37058E31E5DE4ED009D0739 /* IAnimal.swift in Sources */,
				A37058E61E5DE4ED009D0739 /* PetOwner.swift in Sources */,
				A37058EF1E5DE500009D0739 /* DepthClassDependencyInjectorTests.swift in Sources */,
			);
			runOnlyForDeploymentPostprocessing = 0;
		};
/* End PBXSourcesBuildPhase section */

/* Begin PBXTargetDependency section */
		A3169DBC1DE05E8300BABAFD /* PBXTargetDependency */ = {
			isa = PBXTargetDependency;
			target = A3169DAF1DE05E8300BABAFD /* DependencyInjector-iOS */;
			targetProxy = A3169DBB1DE05E8300BABAFD /* PBXContainerItemProxy */;
		};
		A3169DFA1DE0718900BABAFD /* PBXTargetDependency */ = {
			isa = PBXTargetDependency;
			target = A3169DEE1DE0718900BABAFD /* DependencyInjector-tvOS */;
			targetProxy = A3169DF91DE0718900BABAFD /* PBXContainerItemProxy */;
		};
		A3169E171DE072C800BABAFD /* PBXTargetDependency */ = {
			isa = PBXTargetDependency;
			target = A3169E0B1DE072C700BABAFD /* DependencyInjector-OSX */;
			targetProxy = A3169E161DE072C800BABAFD /* PBXContainerItemProxy */;
		};
/* End PBXTargetDependency section */

/* Begin XCBuildConfiguration section */
		A3169DC21DE05E8300BABAFD /* Debug */ = {
			isa = XCBuildConfiguration;
			buildSettings = {
				ALWAYS_SEARCH_USER_PATHS = NO;
				CLANG_ANALYZER_NONNULL = YES;
				CLANG_CXX_LANGUAGE_STANDARD = "gnu++0x";
				CLANG_CXX_LIBRARY = "libc++";
				CLANG_ENABLE_OBJC_ARC = YES;
				CLANG_WARN_BLOCK_CAPTURE_AUTORELEASING = YES;
				CLANG_WARN_BOOL_CONVERSION = YES;
				CLANG_WARN_COMMA = YES;
				CLANG_WARN_CONSTANT_CONVERSION = YES;
				CLANG_WARN_DIRECT_OBJC_ISA_USAGE = YES_ERROR;
				CLANG_WARN_DOCUMENTATION_COMMENTS = YES;
				CLANG_WARN_EMPTY_BODY = YES;
				CLANG_WARN_ENUM_CONVERSION = YES;
				CLANG_WARN_INFINITE_RECURSION = YES;
				CLANG_WARN_INT_CONVERSION = YES;
				CLANG_WARN_NON_LITERAL_NULL_CONVERSION = YES;
				CLANG_WARN_OBJC_LITERAL_CONVERSION = YES;
				CLANG_WARN_OBJC_ROOT_CLASS = YES_ERROR;
				CLANG_WARN_RANGE_LOOP_ANALYSIS = YES;
				CLANG_WARN_STRICT_PROTOTYPES = YES;
				CLANG_WARN_SUSPICIOUS_MOVE = YES;
				CLANG_WARN_SUSPICIOUS_MOVES = YES;
				CLANG_WARN_UNREACHABLE_CODE = YES;
				CLANG_WARN__DUPLICATE_METHOD_MATCH = YES;
				COPY_PHASE_STRIP = NO;
				CURRENT_PROJECT_VERSION = 1;
				DEBUG_INFORMATION_FORMAT = dwarf;
				ENABLE_STRICT_OBJC_MSGSEND = YES;
				ENABLE_TESTABILITY = YES;
				GCC_C_LANGUAGE_STANDARD = gnu99;
				GCC_DYNAMIC_NO_PIC = NO;
				GCC_NO_COMMON_BLOCKS = YES;
				GCC_OPTIMIZATION_LEVEL = 0;
				GCC_PREPROCESSOR_DEFINITIONS = (
					"DEBUG=1",
					"$(inherited)",
				);
				GCC_WARN_64_TO_32_BIT_CONVERSION = YES;
				GCC_WARN_ABOUT_RETURN_TYPE = YES_ERROR;
				GCC_WARN_UNDECLARED_SELECTOR = YES;
				GCC_WARN_UNINITIALIZED_AUTOS = YES_AGGRESSIVE;
				GCC_WARN_UNUSED_FUNCTION = YES;
				GCC_WARN_UNUSED_VARIABLE = YES;
				IPHONEOS_DEPLOYMENT_TARGET = 8.0;
				MTL_ENABLE_DEBUG_INFO = YES;
				ONLY_ACTIVE_ARCH = YES;
				SDKROOT = iphoneos;
				SWIFT_ACTIVE_COMPILATION_CONDITIONS = DEBUG;
				SWIFT_OPTIMIZATION_LEVEL = "-Onone";
				SWIFT_VERSION = 4.0;
				TARGETED_DEVICE_FAMILY = "1,2";
				VERSIONING_SYSTEM = "apple-generic";
				VERSION_INFO_PREFIX = "";
			};
			name = Debug;
		};
		A3169DC31DE05E8300BABAFD /* Release */ = {
			isa = XCBuildConfiguration;
			buildSettings = {
				ALWAYS_SEARCH_USER_PATHS = NO;
				CLANG_ANALYZER_NONNULL = YES;
				CLANG_CXX_LANGUAGE_STANDARD = "gnu++0x";
				CLANG_CXX_LIBRARY = "libc++";
				CLANG_ENABLE_OBJC_ARC = YES;
				CLANG_WARN_BLOCK_CAPTURE_AUTORELEASING = YES;
				CLANG_WARN_BOOL_CONVERSION = YES;
				CLANG_WARN_COMMA = YES;
				CLANG_WARN_CONSTANT_CONVERSION = YES;
				CLANG_WARN_DIRECT_OBJC_ISA_USAGE = YES_ERROR;
				CLANG_WARN_DOCUMENTATION_COMMENTS = YES;
				CLANG_WARN_EMPTY_BODY = YES;
				CLANG_WARN_ENUM_CONVERSION = YES;
				CLANG_WARN_INFINITE_RECURSION = YES;
				CLANG_WARN_INT_CONVERSION = YES;
				CLANG_WARN_NON_LITERAL_NULL_CONVERSION = YES;
				CLANG_WARN_OBJC_LITERAL_CONVERSION = YES;
				CLANG_WARN_OBJC_ROOT_CLASS = YES_ERROR;
				CLANG_WARN_RANGE_LOOP_ANALYSIS = YES;
				CLANG_WARN_STRICT_PROTOTYPES = YES;
				CLANG_WARN_SUSPICIOUS_MOVE = YES;
				CLANG_WARN_SUSPICIOUS_MOVES = YES;
				CLANG_WARN_UNREACHABLE_CODE = YES;
				CLANG_WARN__DUPLICATE_METHOD_MATCH = YES;
				COPY_PHASE_STRIP = NO;
				CURRENT_PROJECT_VERSION = 1;
				DEBUG_INFORMATION_FORMAT = "dwarf-with-dsym";
				ENABLE_NS_ASSERTIONS = NO;
				ENABLE_STRICT_OBJC_MSGSEND = YES;
				GCC_C_LANGUAGE_STANDARD = gnu99;
				GCC_NO_COMMON_BLOCKS = YES;
				GCC_WARN_64_TO_32_BIT_CONVERSION = YES;
				GCC_WARN_ABOUT_RETURN_TYPE = YES_ERROR;
				GCC_WARN_UNDECLARED_SELECTOR = YES;
				GCC_WARN_UNINITIALIZED_AUTOS = YES_AGGRESSIVE;
				GCC_WARN_UNUSED_FUNCTION = YES;
				GCC_WARN_UNUSED_VARIABLE = YES;
				IPHONEOS_DEPLOYMENT_TARGET = 8.0;
				MTL_ENABLE_DEBUG_INFO = NO;
				SDKROOT = iphoneos;
				SWIFT_OPTIMIZATION_LEVEL = "-Owholemodule";
				SWIFT_VERSION = 4.0;
				TARGETED_DEVICE_FAMILY = "1,2";
				VALIDATE_PRODUCT = YES;
				VERSIONING_SYSTEM = "apple-generic";
				VERSION_INFO_PREFIX = "";
			};
			name = Release;
		};
		A3169DC51DE05E8300BABAFD /* Debug */ = {
			isa = XCBuildConfiguration;
			baseConfigurationReference = 2053E619579DE23A48C73C9C /* Pods-Frameworks-DependencyInjector-iOS.debug.xcconfig */;
			buildSettings = {
				CLANG_ENABLE_MODULES = YES;
				CODE_SIGN_IDENTITY = "iPhone Developer";
				"CODE_SIGN_IDENTITY[sdk=iphoneos*]" = "";
				DEFINES_MODULE = YES;
				DEVELOPMENT_TEAM = 582762VK3P;
				DYLIB_COMPATIBILITY_VERSION = 1;
				DYLIB_INSTALL_NAME_BASE = "@rpath";
				INFOPLIST_FILE = Sources/Info.plist;
				INSTALL_PATH = "$(LOCAL_LIBRARY_DIR)/Frameworks";
				LD_RUNPATH_SEARCH_PATHS = "$(inherited) @executable_path/Frameworks @loader_path/Frameworks";
				PRODUCT_BUNDLE_IDENTIFIER = com.digipolitan.dependencyinjector;
				PRODUCT_NAME = DependencyInjector;
				SKIP_INSTALL = YES;
				SWIFT_OPTIMIZATION_LEVEL = "-Onone";
			};
			name = Debug;
		};
		A3169DC61DE05E8300BABAFD /* Release */ = {
			isa = XCBuildConfiguration;
			baseConfigurationReference = 1448BF010D6580639D0657F4 /* Pods-Frameworks-DependencyInjector-iOS.release.xcconfig */;
			buildSettings = {
				CLANG_ENABLE_MODULES = YES;
				CODE_SIGN_IDENTITY = "iPhone Developer";
				"CODE_SIGN_IDENTITY[sdk=iphoneos*]" = "";
				DEFINES_MODULE = YES;
				DEVELOPMENT_TEAM = 582762VK3P;
				DYLIB_COMPATIBILITY_VERSION = 1;
				DYLIB_INSTALL_NAME_BASE = "@rpath";
				INFOPLIST_FILE = Sources/Info.plist;
				INSTALL_PATH = "$(LOCAL_LIBRARY_DIR)/Frameworks";
				LD_RUNPATH_SEARCH_PATHS = "$(inherited) @executable_path/Frameworks @loader_path/Frameworks";
				PRODUCT_BUNDLE_IDENTIFIER = com.digipolitan.dependencyinjector;
				PRODUCT_NAME = DependencyInjector;
				SKIP_INSTALL = YES;
			};
			name = Release;
		};
		A3169DC81DE05E8300BABAFD /* Debug */ = {
			isa = XCBuildConfiguration;
			baseConfigurationReference = B48898EE97550803EF4AB578 /* Pods-Tests-DependencyInjectorTests-iOS.debug.xcconfig */;
			buildSettings = {
				CURRENT_PROJECT_VERSION = 1;
				DEVELOPMENT_TEAM = 582762VK3P;
				INFOPLIST_FILE = Tests/Info.plist;
				LD_RUNPATH_SEARCH_PATHS = "$(inherited) @executable_path/Frameworks @loader_path/Frameworks";
				PRODUCT_BUNDLE_IDENTIFIER = com.digipolitan.DependencyInjectorTests;
				PRODUCT_NAME = "$(TARGET_NAME)";
			};
			name = Debug;
		};
		A3169DC91DE05E8300BABAFD /* Release */ = {
			isa = XCBuildConfiguration;
			baseConfigurationReference = A98F76A110CFE94B8F35FDAA /* Pods-Tests-DependencyInjectorTests-iOS.release.xcconfig */;
			buildSettings = {
				CURRENT_PROJECT_VERSION = 1;
				DEVELOPMENT_TEAM = 582762VK3P;
				INFOPLIST_FILE = Tests/Info.plist;
				LD_RUNPATH_SEARCH_PATHS = "$(inherited) @executable_path/Frameworks @loader_path/Frameworks";
				PRODUCT_BUNDLE_IDENTIFIER = com.digipolitan.DependencyInjectorTests;
				PRODUCT_NAME = "$(TARGET_NAME)";
			};
			name = Release;
		};
		A3169DE41DE06EF400BABAFD /* Debug */ = {
			isa = XCBuildConfiguration;
			baseConfigurationReference = 806CEF756C404A8188FA4759 /* Pods-Frameworks-DependencyInjector-watchOS.debug.xcconfig */;
			buildSettings = {
				APPLICATION_EXTENSION_API_ONLY = YES;
				CLANG_ENABLE_MODULES = YES;
				"CODE_SIGN_IDENTITY[sdk=watchos*]" = "";
				DEFINES_MODULE = YES;
				DEVELOPMENT_TEAM = 582762VK3P;
				DYLIB_COMPATIBILITY_VERSION = 1;
				DYLIB_INSTALL_NAME_BASE = "@rpath";
				INFOPLIST_FILE = Sources/Info.plist;
				INSTALL_PATH = "$(LOCAL_LIBRARY_DIR)/Frameworks";
				LD_RUNPATH_SEARCH_PATHS = "$(inherited) @executable_path/Frameworks @loader_path/Frameworks";
				PRODUCT_BUNDLE_IDENTIFIER = com.digipolitan.dependencyinjector;
				PRODUCT_NAME = DependencyInjector;
				SDKROOT = watchos;
				SKIP_INSTALL = YES;
				SWIFT_OPTIMIZATION_LEVEL = "-Onone";
				TARGETED_DEVICE_FAMILY = 4;
				WATCHOS_DEPLOYMENT_TARGET = 2.0;
			};
			name = Debug;
		};
		A3169DE51DE06EF400BABAFD /* Release */ = {
			isa = XCBuildConfiguration;
			baseConfigurationReference = 56DA6E93DFB445F3C547AA7D /* Pods-Frameworks-DependencyInjector-watchOS.release.xcconfig */;
			buildSettings = {
				APPLICATION_EXTENSION_API_ONLY = YES;
				CLANG_ENABLE_MODULES = YES;
				"CODE_SIGN_IDENTITY[sdk=watchos*]" = "";
				DEFINES_MODULE = YES;
				DEVELOPMENT_TEAM = 582762VK3P;
				DYLIB_COMPATIBILITY_VERSION = 1;
				DYLIB_INSTALL_NAME_BASE = "@rpath";
				INFOPLIST_FILE = Sources/Info.plist;
				INSTALL_PATH = "$(LOCAL_LIBRARY_DIR)/Frameworks";
				LD_RUNPATH_SEARCH_PATHS = "$(inherited) @executable_path/Frameworks @loader_path/Frameworks";
				PRODUCT_BUNDLE_IDENTIFIER = com.digipolitan.dependencyinjector;
				PRODUCT_NAME = DependencyInjector;
				SDKROOT = watchos;
				SKIP_INSTALL = YES;
				TARGETED_DEVICE_FAMILY = 4;
				WATCHOS_DEPLOYMENT_TARGET = 2.0;
			};
			name = Release;
		};
		A3169E011DE0718900BABAFD /* Debug */ = {
			isa = XCBuildConfiguration;
			baseConfigurationReference = 06A4F07E6E9F15EC544A4BC4 /* Pods-Frameworks-DependencyInjector-tvOS.debug.xcconfig */;
			buildSettings = {
				CLANG_ENABLE_MODULES = YES;
				"CODE_SIGN_IDENTITY[sdk=appletvos*]" = "";
				DEFINES_MODULE = YES;
				DEVELOPMENT_TEAM = 582762VK3P;
				DYLIB_COMPATIBILITY_VERSION = 1;
				DYLIB_INSTALL_NAME_BASE = "@rpath";
				INFOPLIST_FILE = Sources/Info.plist;
				INSTALL_PATH = "$(LOCAL_LIBRARY_DIR)/Frameworks";
				LD_RUNPATH_SEARCH_PATHS = "$(inherited) @executable_path/Frameworks @loader_path/Frameworks";
				PRODUCT_BUNDLE_IDENTIFIER = com.digipolitan.dependencyinjector;
				PRODUCT_NAME = DependencyInjector;
				SDKROOT = appletvos;
				SKIP_INSTALL = YES;
				SWIFT_OPTIMIZATION_LEVEL = "-Onone";
				TARGETED_DEVICE_FAMILY = 3;
				TVOS_DEPLOYMENT_TARGET = 9.0;
			};
			name = Debug;
		};
		A3169E021DE0718900BABAFD /* Release */ = {
			isa = XCBuildConfiguration;
			baseConfigurationReference = 918FC3B9DAF941D1592B143D /* Pods-Frameworks-DependencyInjector-tvOS.release.xcconfig */;
			buildSettings = {
				CLANG_ENABLE_MODULES = YES;
				"CODE_SIGN_IDENTITY[sdk=appletvos*]" = "";
				DEFINES_MODULE = YES;
				DEVELOPMENT_TEAM = 582762VK3P;
				DYLIB_COMPATIBILITY_VERSION = 1;
				DYLIB_INSTALL_NAME_BASE = "@rpath";
				INFOPLIST_FILE = Sources/Info.plist;
				INSTALL_PATH = "$(LOCAL_LIBRARY_DIR)/Frameworks";
				LD_RUNPATH_SEARCH_PATHS = "$(inherited) @executable_path/Frameworks @loader_path/Frameworks";
				PRODUCT_BUNDLE_IDENTIFIER = com.digipolitan.dependencyinjector;
				PRODUCT_NAME = DependencyInjector;
				SDKROOT = appletvos;
				SKIP_INSTALL = YES;
				TARGETED_DEVICE_FAMILY = 3;
				TVOS_DEPLOYMENT_TARGET = 9.0;
			};
			name = Release;
		};
		A3169E041DE0718900BABAFD /* Debug */ = {
			isa = XCBuildConfiguration;
			baseConfigurationReference = 5600FD8A1C64D47B1FA0AC05 /* Pods-Tests-DependencyInjectorTests-tvOS.debug.xcconfig */;
			buildSettings = {
				CURRENT_PROJECT_VERSION = 1;
				DEVELOPMENT_TEAM = 582762VK3P;
				INFOPLIST_FILE = Tests/Info.plist;
				LD_RUNPATH_SEARCH_PATHS = "$(inherited) @executable_path/Frameworks @loader_path/Frameworks";
				PRODUCT_BUNDLE_IDENTIFIER = com.digipolitan.DependencyInjectorTests;
				PRODUCT_NAME = "$(TARGET_NAME)";
				SDKROOT = appletvos;
				TVOS_DEPLOYMENT_TARGET = 10.0;
			};
			name = Debug;
		};
		A3169E051DE0718900BABAFD /* Release */ = {
			isa = XCBuildConfiguration;
			baseConfigurationReference = 014B18FE46E10FAF1ED57221 /* Pods-Tests-DependencyInjectorTests-tvOS.release.xcconfig */;
			buildSettings = {
				CURRENT_PROJECT_VERSION = 1;
				DEVELOPMENT_TEAM = 582762VK3P;
				INFOPLIST_FILE = Tests/Info.plist;
				LD_RUNPATH_SEARCH_PATHS = "$(inherited) @executable_path/Frameworks @loader_path/Frameworks";
				PRODUCT_BUNDLE_IDENTIFIER = com.digipolitan.DependencyInjectorTests;
				PRODUCT_NAME = "$(TARGET_NAME)";
				SDKROOT = appletvos;
				TVOS_DEPLOYMENT_TARGET = 10.0;
			};
			name = Release;
		};
		A3169E1E1DE072C800BABAFD /* Debug */ = {
			isa = XCBuildConfiguration;
			baseConfigurationReference = 04E9350472F8797657D900A2 /* Pods-Frameworks-DependencyInjector-OSX.debug.xcconfig */;
			buildSettings = {
				CLANG_ENABLE_MODULES = YES;
				CODE_SIGN_IDENTITY = "";
				COMBINE_HIDPI_IMAGES = YES;
				DEFINES_MODULE = YES;
				DEVELOPMENT_TEAM = 582762VK3P;
				DYLIB_COMPATIBILITY_VERSION = 1;
				DYLIB_INSTALL_NAME_BASE = "@rpath";
				FRAMEWORK_VERSION = A;
				INFOPLIST_FILE = Sources/Info.plist;
				INSTALL_PATH = "$(LOCAL_LIBRARY_DIR)/Frameworks";
				LD_RUNPATH_SEARCH_PATHS = "$(inherited) @executable_path/../Frameworks @loader_path/Frameworks";
				MACOSX_DEPLOYMENT_TARGET = 10.10;
				PRODUCT_BUNDLE_IDENTIFIER = com.digipolitan.dependencyinjector;
				PRODUCT_NAME = DependencyInjector;
				SDKROOT = macosx;
				SKIP_INSTALL = YES;
				SWIFT_OPTIMIZATION_LEVEL = "-Onone";
			};
			name = Debug;
		};
		A3169E1F1DE072C800BABAFD /* Release */ = {
			isa = XCBuildConfiguration;
			baseConfigurationReference = 528C4B0F7B1CB5272A3D467B /* Pods-Frameworks-DependencyInjector-OSX.release.xcconfig */;
			buildSettings = {
				CLANG_ENABLE_MODULES = YES;
				CODE_SIGN_IDENTITY = "";
				COMBINE_HIDPI_IMAGES = YES;
				DEFINES_MODULE = YES;
				DEVELOPMENT_TEAM = 582762VK3P;
				DYLIB_COMPATIBILITY_VERSION = 1;
				DYLIB_INSTALL_NAME_BASE = "@rpath";
				FRAMEWORK_VERSION = A;
				INFOPLIST_FILE = Sources/Info.plist;
				INSTALL_PATH = "$(LOCAL_LIBRARY_DIR)/Frameworks";
				LD_RUNPATH_SEARCH_PATHS = "$(inherited) @executable_path/../Frameworks @loader_path/Frameworks";
				MACOSX_DEPLOYMENT_TARGET = 10.10;
				PRODUCT_BUNDLE_IDENTIFIER = com.digipolitan.dependencyinjector;
				PRODUCT_NAME = DependencyInjector;
				SDKROOT = macosx;
				SKIP_INSTALL = YES;
			};
			name = Release;
		};
		A3169E211DE072C800BABAFD /* Debug */ = {
			isa = XCBuildConfiguration;
			baseConfigurationReference = E5DEC4FF72E053748F1B87EE /* Pods-Tests-DependencyInjectorTests-OSX.debug.xcconfig */;
			buildSettings = {
				COMBINE_HIDPI_IMAGES = YES;
				CURRENT_PROJECT_VERSION = 1;
				DEVELOPMENT_TEAM = 582762VK3P;
				INFOPLIST_FILE = Tests/Info.plist;
				LD_RUNPATH_SEARCH_PATHS = "$(inherited) @executable_path/../Frameworks @loader_path/../Frameworks";
				MACOSX_DEPLOYMENT_TARGET = 10.12;
				PRODUCT_BUNDLE_IDENTIFIER = com.digipolitan.DependencyInjectorTests;
				PRODUCT_NAME = "$(TARGET_NAME)";
				SDKROOT = macosx;
			};
			name = Debug;
		};
		A3169E221DE072C800BABAFD /* Release */ = {
			isa = XCBuildConfiguration;
			baseConfigurationReference = 76069B1202C521F2393854F5 /* Pods-Tests-DependencyInjectorTests-OSX.release.xcconfig */;
			buildSettings = {
				COMBINE_HIDPI_IMAGES = YES;
				CURRENT_PROJECT_VERSION = 1;
				DEVELOPMENT_TEAM = 582762VK3P;
				INFOPLIST_FILE = Tests/Info.plist;
				LD_RUNPATH_SEARCH_PATHS = "$(inherited) @executable_path/../Frameworks @loader_path/../Frameworks";
				MACOSX_DEPLOYMENT_TARGET = 10.12;
				PRODUCT_BUNDLE_IDENTIFIER = com.digipolitan.DependencyInjectorTests;
				PRODUCT_NAME = "$(TARGET_NAME)";
				SDKROOT = macosx;
			};
			name = Release;
		};
/* End XCBuildConfiguration section */

/* Begin XCConfigurationList section */
		A3169DAA1DE05E8300BABAFD /* Build configuration list for PBXProject "DependencyInjector" */ = {
			isa = XCConfigurationList;
			buildConfigurations = (
				A3169DC21DE05E8300BABAFD /* Debug */,
				A3169DC31DE05E8300BABAFD /* Release */,
			);
			defaultConfigurationIsVisible = 0;
			defaultConfigurationName = Release;
		};
		A3169DC41DE05E8300BABAFD /* Build configuration list for PBXNativeTarget "DependencyInjector-iOS" */ = {
			isa = XCConfigurationList;
			buildConfigurations = (
				A3169DC51DE05E8300BABAFD /* Debug */,
				A3169DC61DE05E8300BABAFD /* Release */,
			);
			defaultConfigurationIsVisible = 0;
			defaultConfigurationName = Release;
		};
		A3169DC71DE05E8300BABAFD /* Build configuration list for PBXNativeTarget "DependencyInjectorTests-iOS" */ = {
			isa = XCConfigurationList;
			buildConfigurations = (
				A3169DC81DE05E8300BABAFD /* Debug */,
				A3169DC91DE05E8300BABAFD /* Release */,
			);
			defaultConfigurationIsVisible = 0;
			defaultConfigurationName = Release;
		};
		A3169DE31DE06EF400BABAFD /* Build configuration list for PBXNativeTarget "DependencyInjector-watchOS" */ = {
			isa = XCConfigurationList;
			buildConfigurations = (
				A3169DE41DE06EF400BABAFD /* Debug */,
				A3169DE51DE06EF400BABAFD /* Release */,
			);
			defaultConfigurationIsVisible = 0;
			defaultConfigurationName = Release;
		};
		A3169E001DE0718900BABAFD /* Build configuration list for PBXNativeTarget "DependencyInjector-tvOS" */ = {
			isa = XCConfigurationList;
			buildConfigurations = (
				A3169E011DE0718900BABAFD /* Debug */,
				A3169E021DE0718900BABAFD /* Release */,
			);
			defaultConfigurationIsVisible = 0;
			defaultConfigurationName = Release;
		};
		A3169E031DE0718900BABAFD /* Build configuration list for PBXNativeTarget "DependencyInjectorTests-tvOS" */ = {
			isa = XCConfigurationList;
			buildConfigurations = (
				A3169E041DE0718900BABAFD /* Debug */,
				A3169E051DE0718900BABAFD /* Release */,
			);
			defaultConfigurationIsVisible = 0;
			defaultConfigurationName = Release;
		};
		A3169E1D1DE072C800BABAFD /* Build configuration list for PBXNativeTarget "DependencyInjector-OSX" */ = {
			isa = XCConfigurationList;
			buildConfigurations = (
				A3169E1E1DE072C800BABAFD /* Debug */,
				A3169E1F1DE072C800BABAFD /* Release */,
			);
			defaultConfigurationIsVisible = 0;
			defaultConfigurationName = Release;
		};
		A3169E201DE072C800BABAFD /* Build configuration list for PBXNativeTarget "DependencyInjectorTests-OSX" */ = {
			isa = XCConfigurationList;
			buildConfigurations = (
				A3169E211DE072C800BABAFD /* Debug */,
				A3169E221DE072C800BABAFD /* Release */,
			);
			defaultConfigurationIsVisible = 0;
			defaultConfigurationName = Release;
		};
/* End XCConfigurationList section */
	};
	rootObject = A3169DA71DE05E8300BABAFD /* Project object */;
}
